
Microsoft Visual Studio Solution File, Format Version 12.00
# Visual Studio 2012
Project("{FAE04EC0-301F-11D3-BF4B-00C04F79EFBC}") = "Source", "Source\Source.csproj", "{A7A810EF-6DAC-4846-8504-022EB24B59DE}"
EndProject
Project("{FAE04EC0-301F-11D3-BF4B-00C04F79EFBC}") = "Tests", "Tests\Tests.csproj", "{99B7FC94-EC51-4994-A12C-703709E08365}"
EndProject
Project("{2150E333-8FDC-42A3-9474-1A3956D46DE8}") = ".nuget", ".nuget", "{90EDB30F-D5A9-4CAE-BB69-1510A19C1F36}"
	ProjectSection(SolutionItems) = preProject
		.nuget\NuGet.Config = .nuget\NuGet.Config
		.nuget\NuGet.exe = .nuget\NuGet.exe
		.nuget\NuGet.targets = .nuget\NuGet.targets
	EndProjectSection
EndProject
Project("{2150E333-8FDC-42A3-9474-1A3956D46DE8}") = ".doc", ".doc", "{1401D46D-EE03-4802-AC65-87ABFE17CE25}"
	ProjectSection(SolutionItems) = preProject
		LICENSE = LICENSE
		README.md = README.md
	EndProjectSection
EndProject
Global
	GlobalSection(SolutionConfigurationPlatforms) = preSolution
		Debug|Any CPU = Debug|Any CPU
		Release|Any CPU = Release|Any CPU
	EndGlobalSection
	GlobalSection(ProjectConfigurationPlatforms) = postSolution
		{A7A810EF-6DAC-4846-8504-022EB24B59DE}.Debug|Any CPU.ActiveCfg = Debug|Any CPU
		{A7A810EF-6DAC-4846-8504-022EB24B59DE}.Debug|Any CPU.Build.0 = Debug|Any CPU
		{A7A810EF-6DAC-4846-8504-022EB24B59DE}.Release|Any CPU.ActiveCfg = Release|Any CPU
		{A7A810EF-6DAC-4846-8504-022EB24B59DE}.Release|Any CPU.Build.0 = Release|Any CPU
		{99B7FC94-EC51-4994-A12C-703709E08365}.Debug|Any CPU.ActiveCfg = Debug|Any CPU
		{99B7FC94-EC51-4994-A12C-703709E08365}.Debug|Any CPU.Build.0 = Debug|Any CPU
		{99B7FC94-EC51-4994-A12C-703709E08365}.Release|Any CPU.ActiveCfg = Release|Any CPU
		{99B7FC94-EC51-4994-A12C-703709E08365}.Release|Any CPU.Build.0 = Release|Any CPU
	EndGlobalSection
	GlobalSection(SolutionProperties) = preSolution
		HideSolutionNode = FALSE
	EndGlobalSection
EndGlobal
